
Microsoft Visual Studio Solution File, Format Version 12.00
# Visual Studio 2013
VisualStudioVersion = 12.0.21005.1
MinimumVisualStudioVersion = 10.0.40219.1
Project("{FAE04EC0-301F-11D3-BF4B-00C04F79EFBC}") = "CSharp.Util", "CSharp.Util\CSharp.Util.csproj", "{1AFE771B-6667-4EFA-B414-5D906B23D267}"
EndProject
Project("{FAE04EC0-301F-11D3-BF4B-00C04F79EFBC}") = "CSharp.Util.MySql", "CSharp.Util.MySql\CSharp.Util.MySql.csproj", "{CEB2A987-849B-4851-AEFF-DD075841B2B1}"
EndProject
Project("{FAE04EC0-301F-11D3-BF4B-00C04F79EFBC}") = "TestConsole", "..\TestConsole\TestConsole.csproj", "{0DCA03DD-3033-4331-AE57-1C156EE95F92}"
EndProject
Global
	GlobalSection(SolutionConfigurationPlatforms) = preSolution
		Debug|Any CPU = Debug|Any CPU
		Release|Any CPU = Release|Any CPU
	EndGlobalSection
	GlobalSection(ProjectConfigurationPlatforms) = postSolution
		{1AFE771B-6667-4EFA-B414-5D906B23D267}.Debug|Any CPU.ActiveCfg = Debug|Any CPU
		{1AFE771B-6667-4EFA-B414-5D906B23D267}.Debug|Any CPU.Build.0 = Debug|Any CPU
		{1AFE771B-6667-4EFA-B414-5D906B23D267}.Release|Any CPU.ActiveCfg = Release|Any CPU
		{1AFE771B-6667-4EFA-B414-5D906B23D267}.Release|Any CPU.Build.0 = Release|Any CPU
		{CEB2A987-849B-4851-AEFF-DD075841B2B1}.Debug|Any CPU.ActiveCfg = Debug|Any CPU
		{CEB2A987-849B-4851-AEFF-DD075841B2B1}.Debug|Any CPU.Build.0 = Debug|Any CPU
		{CEB2A987-849B-4851-AEFF-DD075841B2B1}.Release|Any CPU.ActiveCfg = Release|Any CPU
		{CEB2A987-849B-4851-AEFF-DD075841B2B1}.Release|Any CPU.Build.0 = Release|Any CPU
		{0DCA03DD-3033-4331-AE57-1C156EE95F92}.Debug|Any CPU.ActiveCfg = Debug|Any CPU
		{0DCA03DD-3033-4331-AE57-1C156EE95F92}.Debug|Any CPU.Build.0 = Debug|Any CPU
		{0DCA03DD-3033-4331-AE57-1C156EE95F92}.Release|Any CPU.ActiveCfg = Release|Any CPU
		{0DCA03DD-3033-4331-AE57-1C156EE95F92}.Release|Any CPU.Build.0 = Release|Any CPU
	EndGlobalSection
	GlobalSection(SolutionProperties) = preSolution
		HideSolutionNode = FALSE
	EndGlobalSection
EndGlobal
